Microsoft Visual Studio Solution File, Format Version 12.00
# Visual Studio Version 17
VisualStudioVersion = 17.5.2.0
MinimumVisualStudioVersion = 10.0.40219.1
Project("{2150E333-8FDC-42A3-9474-1A3956D46DE8}") = "day3_net", "day3_net", "{CA8B3B3C-FAE5-9E6A-D3E5-3615299C430A}"
EndProject
Project("{FAE04EC0-301F-11D3-BF4B-00C04F79EFBC}") = "MyApp", "day3_net\MyApp\MyApp.csproj", "{95BB21A3-C0E8-EEB9-298B-B89C34B495B4}"
EndProject
Global
	GlobalSection(SolutionConfigurationPlatforms) = preSolution
		Debug|Any CPU = Debug|Any CPU
		Release|Any CPU = Release|Any CPU
	EndGlobalSection
	GlobalSection(ProjectConfigurationPlatforms) = postSolution
		{95BB21A3-C0E8-EEB9-298B-B89C34B495B4}.Debug|Any CPU.ActiveCfg = Debug|Any CPU
		{95BB21A3-C0E8-EEB9-298B-B89C34B495B4}.Debug|Any CPU.Build.0 = Debug|Any CPU
		{95BB21A3-C0E8-EEB9-298B-B89C34B495B4}.Release|Any CPU.ActiveCfg = Release|Any CPU
		{95BB21A3-C0E8-EEB9-298B-B89C34B495B4}.Release|Any CPU.Build.0 = Release|Any CPU
	EndGlobalSection
	GlobalSection(SolutionProperties) = preSolution
		HideSolutionNode = FALSE
	EndGlobalSection
	GlobalSection(NestedProjects) = preSolution
		{95BB21A3-C0E8-EEB9-298B-B89C34B495B4} = {CA8B3B3C-FAE5-9E6A-D3E5-3615299C430A}
	EndGlobalSection
	GlobalSection(ExtensibilityGlobals) = postSolution
		SolutionGuid = {DED3CDF0-B676-4D9B-988A-48BB50EEBC26}
	EndGlobalSection
EndGlobal
